// !$*UTF8*$!
{
	archiveVersion = 1;
	classes = {
	};
	objectVersion = 55;
	objects = {

/* Begin PBXBuildFile section */
		961A2F8C273C7E800012FFD8 /* HistoryViewController.swift in Sources */ = {isa = PBXBuildFile; fileRef = 961A2F8B273C7E800012FFD8 /* HistoryViewController.swift */; };
		961A2F8E273C7E980012FFD8 /* CalculatorViewController.swift in Sources */ = {isa = PBXBuildFile; fileRef = 961A2F8D273C7E980012FFD8 /* CalculatorViewController.swift */; };
		961A2F90273C7F1F0012FFD8 /* GoalViewController.swift in Sources */ = {isa = PBXBuildFile; fileRef = 961A2F8F273C7F1F0012FFD8 /* GoalViewController.swift */; };
		961A2F92273C7F2F0012FFD8 /* RunningViewController.swift in Sources */ = {isa = PBXBuildFile; fileRef = 961A2F91273C7F2F0012FFD8 /* RunningViewController.swift */; };
		961A2F94273C87560012FFD8 /* HistoryTableCell.swift in Sources */ = {isa = PBXBuildFile; fileRef = 961A2F93273C87560012FFD8 /* HistoryTableCell.swift */; };
		961A2F98273C8F7B0012FFD8 /* UIImageExtension.swift in Sources */ = {isa = PBXBuildFile; fileRef = 961A2F97273C8F7B0012FFD8 /* UIImageExtension.swift */; };
		961A2F9A273C95300012FFD8 /* UserNameView.swift in Sources */ = {isa = PBXBuildFile; fileRef = 961A2F99273C95300012FFD8 /* UserNameView.swift */; };
		961A2F9C273CA8070012FFD8 /* BMIView.swift in Sources */ = {isa = PBXBuildFile; fileRef = 961A2F9B273CA8070012FFD8 /* BMIView.swift */; };
		965C17552743004D00A0C634 /* DataViewController.swift in Sources */ = {isa = PBXBuildFile; fileRef = 965C17542743004D00A0C634 /* DataViewController.swift */; };
		965C175727431E4800A0C634 /* ActivityViewController.swift in Sources */ = {isa = PBXBuildFile; fileRef = 965C175627431E4800A0C634 /* ActivityViewController.swift */; };
		96E349802729ACB0004D60CE /* AppDelegate.swift in Sources */ = {isa = PBXBuildFile; fileRef = 96E3497F2729ACB0004D60CE /* AppDelegate.swift */; };
		96E349822729ACB0004D60CE /* SceneDelegate.swift in Sources */ = {isa = PBXBuildFile; fileRef = 96E349812729ACB0004D60CE /* SceneDelegate.swift */; };
		96E349842729ACB0004D60CE /* TabViewController.swift in Sources */ = {isa = PBXBuildFile; fileRef = 96E349832729ACB0004D60CE /* TabViewController.swift */; };
		96E349892729ACB1004D60CE /* Assets.xcassets in Resources */ = {isa = PBXBuildFile; fileRef = 96E349882729ACB1004D60CE /* Assets.xcassets */; };
		96E3498C2729ACB1004D60CE /* LaunchScreen.storyboard in Resources */ = {isa = PBXBuildFile; fileRef = 96E3498A2729ACB1004D60CE /* LaunchScreen.storyboard */; };
/* End PBXBuildFile section */

/* Begin PBXFileReference section */
		961A2F8B273C7E800012FFD8 /* HistoryViewController.swift */ = {isa = PBXFileReference; lastKnownFileType = sourcecode.swift; path = HistoryViewController.swift; sourceTree = "<group>"; };
		961A2F8D273C7E980012FFD8 /* CalculatorViewController.swift */ = {isa = PBXFileReference; lastKnownFileType = sourcecode.swift; path = CalculatorViewController.swift; sourceTree = "<group>"; };
		961A2F8F273C7F1F0012FFD8 /* GoalViewController.swift */ = {isa = PBXFileReference; lastKnownFileType = sourcecode.swift; path = GoalViewController.swift; sourceTree = "<group>"; };
		961A2F91273C7F2F0012FFD8 /* RunningViewController.swift */ = {isa = PBXFileReference; lastKnownFileType = sourcecode.swift; path = RunningViewController.swift; sourceTree = "<group>"; };
		961A2F93273C87560012FFD8 /* HistoryTableCell.swift */ = {isa = PBXFileReference; lastKnownFileType = sourcecode.swift; path = HistoryTableCell.swift; sourceTree = "<group>"; };
		961A2F97273C8F7B0012FFD8 /* UIImageExtension.swift */ = {isa = PBXFileReference; lastKnownFileType = sourcecode.swift; path = UIImageExtension.swift; sourceTree = "<group>"; };
		961A2F99273C95300012FFD8 /* UserNameView.swift */ = {isa = PBXFileReference; lastKnownFileType = sourcecode.swift; path = UserNameView.swift; sourceTree = "<group>"; };
		961A2F9B273CA8070012FFD8 /* BMIView.swift */ = {isa = PBXFileReference; lastKnownFileType = sourcecode.swift; path = BMIView.swift; sourceTree = "<group>"; };
		965C17542743004D00A0C634 /* DataViewController.swift */ = {isa = PBXFileReference; lastKnownFileType = sourcecode.swift; path = DataViewController.swift; sourceTree = "<group>"; };
		965C175627431E4800A0C634 /* ActivityViewController.swift */ = {isa = PBXFileReference; lastKnownFileType = sourcecode.swift; path = ActivityViewController.swift; sourceTree = "<group>"; };
		96E3497C2729ACB0004D60CE /* FitAppIOS.app */ = {isa = PBXFileReference; explicitFileType = wrapper.application; includeInIndex = 0; path = FitAppIOS.app; sourceTree = BUILT_PRODUCTS_DIR; };
		96E3497F2729ACB0004D60CE /* AppDelegate.swift */ = {isa = PBXFileReference; lastKnownFileType = sourcecode.swift; path = AppDelegate.swift; sourceTree = "<group>"; };
		96E349812729ACB0004D60CE /* SceneDelegate.swift */ = {isa = PBXFileReference; lastKnownFileType = sourcecode.swift; path = SceneDelegate.swift; sourceTree = "<group>"; };
		96E349832729ACB0004D60CE /* TabViewController.swift */ = {isa = PBXFileReference; lastKnownFileType = sourcecode.swift; path = TabViewController.swift; sourceTree = "<group>"; };
		96E349882729ACB1004D60CE /* Assets.xcassets */ = {isa = PBXFileReference; lastKnownFileType = folder.assetcatalog; path = Assets.xcassets; sourceTree = "<group>"; };
		96E3498B2729ACB1004D60CE /* Base */ = {isa = PBXFileReference; lastKnownFileType = file.storyboard; name = Base; path = Base.lproj/LaunchScreen.storyboard; sourceTree = "<group>"; };
		96E3498D2729ACB1004D60CE /* Info.plist */ = {isa = PBXFileReference; lastKnownFileType = text.plist.xml; path = Info.plist; sourceTree = "<group>"; };
/* End PBXFileReference section */

/* Begin PBXFrameworksBuildPhase section */
		96E349792729ACB0004D60CE /* Frameworks */ = {
			isa = PBXFrameworksBuildPhase;
			buildActionMask = 2147483647;
			files = (
			);
			runOnlyForDeploymentPostprocessing = 0;
		};
/* End PBXFrameworksBuildPhase section */

/* Begin PBXGroup section */
		961A2F8A273C7C720012FFD8 /* Controller */ = {
			isa = PBXGroup;
			children = (
				96E349832729ACB0004D60CE /* TabViewController.swift */,
				961A2F8B273C7E800012FFD8 /* HistoryViewController.swift */,
				961A2F8D273C7E980012FFD8 /* CalculatorViewController.swift */,
				961A2F8F273C7F1F0012FFD8 /* GoalViewController.swift */,
				961A2F91273C7F2F0012FFD8 /* RunningViewController.swift */,
				965C17542743004D00A0C634 /* DataViewController.swift */,
				965C175627431E4800A0C634 /* ActivityViewController.swift */,
			);
			path = Controller;
			sourceTree = "<group>";
		};
		961A2F95273C875C0012FFD8 /* Components */ = {
			isa = PBXGroup;
			children = (
				961A2F93273C87560012FFD8 /* HistoryTableCell.swift */,
				961A2F99273C95300012FFD8 /* UserNameView.swift */,
				961A2F9B273CA8070012FFD8 /* BMIView.swift */,
			);
			path = Components;
			sourceTree = "<group>";
		};
		961A2F96273C8F530012FFD8 /* Extensions */ = {
			isa = PBXGroup;
			children = (
				961A2F97273C8F7B0012FFD8 /* UIImageExtension.swift */,
			);
			path = Extensions;
			sourceTree = "<group>";
		};
		96E349732729ACB0004D60CE = {
			isa = PBXGroup;
			children = (
				96E3497E2729ACB0004D60CE /* FitAppIOS */,
				96E3497D2729ACB0004D60CE /* Products */,
			);
			sourceTree = "<group>";
		};
		96E3497D2729ACB0004D60CE /* Products */ = {
			isa = PBXGroup;
			children = (
				96E3497C2729ACB0004D60CE /* FitAppIOS.app */,
			);
			name = Products;
			sourceTree = "<group>";
		};
		96E3497E2729ACB0004D60CE /* FitAppIOS */ = {
			isa = PBXGroup;
			children = (
				961A2F96273C8F530012FFD8 /* Extensions */,
				961A2F95273C875C0012FFD8 /* Components */,
				961A2F8A273C7C720012FFD8 /* Controller */,
				96E3497F2729ACB0004D60CE /* AppDelegate.swift */,
				96E349812729ACB0004D60CE /* SceneDelegate.swift */,
				96E349882729ACB1004D60CE /* Assets.xcassets */,
				96E3498A2729ACB1004D60CE /* LaunchScreen.storyboard */,
				96E3498D2729ACB1004D60CE /* Info.plist */,
			);
			path = FitAppIOS;
			sourceTree = "<group>";
		};
/* End PBXGroup section */

/* Begin PBXNativeTarget section */
		96E3497B2729ACB0004D60CE /* FitAppIOS */ = {
			isa = PBXNativeTarget;
			buildConfigurationList = 96E349902729ACB1004D60CE /* Build configuration list for PBXNativeTarget "FitAppIOS" */;
			buildPhases = (
				96E349782729ACB0004D60CE /* Sources */,
				96E349792729ACB0004D60CE /* Frameworks */,
				96E3497A2729ACB0004D60CE /* Resources */,
			);
			buildRules = (
			);
			dependencies = (
			);
			name = FitAppIOS;
			productName = FitAppIOS;
			productReference = 96E3497C2729ACB0004D60CE /* FitAppIOS.app */;
			productType = "com.apple.product-type.application";
		};
/* End PBXNativeTarget section */

/* Begin PBXProject section */
		96E349742729ACB0004D60CE /* Project object */ = {
			isa = PBXProject;
			attributes = {
				BuildIndependentTargetsInParallel = 1;
				LastSwiftUpdateCheck = 1300;
				LastUpgradeCheck = 1300;
				TargetAttributes = {
					96E3497B2729ACB0004D60CE = {
						CreatedOnToolsVersion = 13.0;
					};
				};
			};
			buildConfigurationList = 96E349772729ACB0004D60CE /* Build configuration list for PBXProject "FitAppIOS" */;
			compatibilityVersion = "Xcode 13.0";
			developmentRegion = en;
			hasScannedForEncodings = 0;
			knownRegions = (
				en,
				Base,
			);
			mainGroup = 96E349732729ACB0004D60CE;
			productRefGroup = 96E3497D2729ACB0004D60CE /* Products */;
			projectDirPath = "";
			projectRoot = "";
			targets = (
				96E3497B2729ACB0004D60CE /* FitAppIOS */,
			);
		};
/* End PBXProject section */

/* Begin PBXResourcesBuildPhase section */
		96E3497A2729ACB0004D60CE /* Resources */ = {
			isa = PBXResourcesBuildPhase;
			buildActionMask = 2147483647;
			files = (
				96E3498C2729ACB1004D60CE /* LaunchScreen.storyboard in Resources */,
				96E349892729ACB1004D60CE /* Assets.xcassets in Resources */,
			);
			runOnlyForDeploymentPostprocessing = 0;
		};
/* End PBXResourcesBuildPhase section */

/* Begin PBXSourcesBuildPhase section */
		96E349782729ACB0004D60CE /* Sources */ = {
			isa = PBXSourcesBuildPhase;
			buildActionMask = 2147483647;
			files = (
				961A2F92273C7F2F0012FFD8 /* RunningViewController.swift in Sources */,
				961A2F8E273C7E980012FFD8 /* CalculatorViewController.swift in Sources */,
				961A2F9A273C95300012FFD8 /* UserNameView.swift in Sources */,
				96E349842729ACB0004D60CE /* TabViewController.swift in Sources */,
				965C17552743004D00A0C634 /* DataViewController.swift in Sources */,
				961A2F94273C87560012FFD8 /* HistoryTableCell.swift in Sources */,
				96E349802729ACB0004D60CE /* AppDelegate.swift in Sources */,
				961A2F98273C8F7B0012FFD8 /* UIImageExtension.swift in Sources */,
				965C175727431E4800A0C634 /* ActivityViewController.swift in Sources */,
				961A2F90273C7F1F0012FFD8 /* GoalViewController.swift in Sources */,
				96E349822729ACB0004D60CE /* SceneDelegate.swift in Sources */,
				961A2F8C273C7E800012FFD8 /* HistoryViewController.swift in Sources */,
				961A2F9C273CA8070012FFD8 /* BMIView.swift in Sources */,
			);
			runOnlyForDeploymentPostprocessing = 0;
		};
/* End PBXSourcesBuildPhase section */

/* Begin PBXVariantGroup section */
		96E3498A2729ACB1004D60CE /* LaunchScreen.storyboard */ = {
			isa = PBXVariantGroup;
			children = (
				96E3498B2729ACB1004D60CE /* Base */,
			);
			name = LaunchScreen.storyboard;
			sourceTree = "<group>";
		};
/* End PBXVariantGroup section */

/* Begin XCBuildConfiguration section */
		96E3498E2729ACB1004D60CE /* Debug */ = {
			isa = XCBuildConfiguration;
			buildSettings = {
				ALWAYS_SEARCH_USER_PATHS = NO;
				CLANG_ANALYZER_NONNULL = YES;
				CLANG_ANALYZER_NUMBER_OBJECT_CONVERSION = YES_AGGRESSIVE;
				CLANG_CXX_LANGUAGE_STANDARD = "gnu++17";
				CLANG_CXX_LIBRARY = "libc++";
				CLANG_ENABLE_MODULES = YES;
				CLANG_ENABLE_OBJC_ARC = YES;
				CLANG_ENABLE_OBJC_WEAK = YES;
				CLANG_WARN_BLOCK_CAPTURE_AUTORELEASING = YES;
				CLANG_WARN_BOOL_CONVERSION = YES;
				CLANG_WARN_COMMA = YES;
				CLANG_WARN_CONSTANT_CONVERSION = YES;
				CLANG_WARN_DEPRECATED_OBJC_IMPLEMENTATIONS = YES;
				CLANG_WARN_DIRECT_OBJC_ISA_USAGE = YES_ERROR;
				CLANG_WARN_DOCUMENTATION_COMMENTS = YES;
				CLANG_WARN_EMPTY_BODY = YES;
				CLANG_WARN_ENUM_CONVERSION = YES;
				CLANG_WARN_INFINITE_RECURSION = YES;
				CLANG_WARN_INT_CONVERSION = YES;
				CLANG_WARN_NON_LITERAL_NULL_CONVERSION = YES;
				CLANG_WARN_OBJC_IMPLICIT_RETAIN_SELF = YES;
				CLANG_WARN_OBJC_LITERAL_CONVERSION = YES;
				CLANG_WARN_OBJC_ROOT_CLASS = YES_ERROR;
				CLANG_WARN_QUOTED_INCLUDE_IN_FRAMEWORK_HEADER = YES;
				CLANG_WARN_RANGE_LOOP_ANALYSIS = YES;
				CLANG_WARN_STRICT_PROTOTYPES = YES;
				CLANG_WARN_SUSPICIOUS_MOVE = YES;
				CLANG_WARN_UNGUARDED_AVAILABILITY = YES_AGGRESSIVE;
				CLANG_WARN_UNREACHABLE_CODE = YES;
				CLANG_WARN__DUPLICATE_METHOD_MATCH = YES;
				COPY_PHASE_STRIP = NO;
				DEBUG_INFORMATION_FORMAT = dwarf;
				ENABLE_STRICT_OBJC_MSGSEND = YES;
				ENABLE_TESTABILITY = YES;
				GCC_C_LANGUAGE_STANDARD = gnu11;
				GCC_DYNAMIC_NO_PIC = NO;
				GCC_NO_COMMON_BLOCKS = YES;
				GCC_OPTIMIZATION_LEVEL = 0;
				GCC_PREPROCESSOR_DEFINITIONS = (
					"DEBUG=1",
					"$(inherited)",
				);
				GCC_WARN_64_TO_32_BIT_CONVERSION = YES;
				GCC_WARN_ABOUT_RETURN_TYPE = YES_ERROR;
				GCC_WARN_UNDECLARED_SELECTOR = YES;
				GCC_WARN_UNINITIALIZED_AUTOS = YES_AGGRESSIVE;
				GCC_WARN_UNUSED_FUNCTION = YES;
				GCC_WARN_UNUSED_VARIABLE = YES;
				IPHONEOS_DEPLOYMENT_TARGET = 15.0;
				MTL_ENABLE_DEBUG_INFO = INCLUDE_SOURCE;
				MTL_FAST_MATH = YES;
				ONLY_ACTIVE_ARCH = YES;
				SDKROOT = iphoneos;
				SWIFT_ACTIVE_COMPILATION_CONDITIONS = DEBUG;
				SWIFT_OPTIMIZATION_LEVEL = "-Onone";
			};
			name = Debug;
		};
		96E3498F2729ACB1004D60CE /* Release */ = {
			isa = XCBuildConfiguration;
			buildSettings = {
				ALWAYS_SEARCH_USER_PATHS = NO;
				CLANG_ANALYZER_NONNULL = YES;
				CLANG_ANALYZER_NUMBER_OBJECT_CONVERSION = YES_AGGRESSIVE;
				CLANG_CXX_LANGUAGE_STANDARD = "gnu++17";
				CLANG_CXX_LIBRARY = "libc++";
				CLANG_ENABLE_MODULES = YES;
				CLANG_ENABLE_OBJC_ARC = YES;
				CLANG_ENABLE_OBJC_WEAK = YES;
				CLANG_WARN_BLOCK_CAPTURE_AUTORELEASING = YES;
				CLANG_WARN_BOOL_CONVERSION = YES;
				CLANG_WARN_COMMA = YES;
				CLANG_WARN_CONSTANT_CONVERSION = YES;
				CLANG_WARN_DEPRECATED_OBJC_IMPLEMENTATIONS = YES;
				CLANG_WARN_DIRECT_OBJC_ISA_USAGE = YES_ERROR;
				CLANG_WARN_DOCUMENTATION_COMMENTS = YES;
				CLANG_WARN_EMPTY_BODY = YES;
				CLANG_WARN_ENUM_CONVERSION = YES;
				CLANG_WARN_INFINITE_RECURSION = YES;
				CLANG_WARN_INT_CONVERSION = YES;
				CLANG_WARN_NON_LITERAL_NULL_CONVERSION = YES;
				CLANG_WARN_OBJC_IMPLICIT_RETAIN_SELF = YES;
				CLANG_WARN_OBJC_LITERAL_CONVERSION = YES;
				CLANG_WARN_OBJC_ROOT_CLASS = YES_ERROR;
				CLANG_WARN_QUOTED_INCLUDE_IN_FRAMEWORK_HEADER = YES;
				CLANG_WARN_RANGE_LOOP_ANALYSIS = YES;
				CLANG_WARN_STRICT_PROTOTYPES = YES;
				CLANG_WARN_SUSPICIOUS_MOVE = YES;
				CLANG_WARN_UNGUARDED_AVAILABILITY = YES_AGGRESSIVE;
				CLANG_WARN_UNREACHABLE_CODE = YES;
				CLANG_WARN__DUPLICATE_METHOD_MATCH = YES;
				COPY_PHASE_STRIP = NO;
				DEBUG_INFORMATION_FORMAT = "dwarf-with-dsym";
				ENABLE_NS_ASSERTIONS = NO;
				ENABLE_STRICT_OBJC_MSGSEND = YES;
				GCC_C_LANGUAGE_STANDARD = gnu11;
				GCC_NO_COMMON_BLOCKS = YES;
				GCC_WARN_64_TO_32_BIT_CONVERSION = YES;
				GCC_WARN_ABOUT_RETURN_TYPE = YES_ERROR;
				GCC_WARN_UNDECLARED_SELECTOR = YES;
				GCC_WARN_UNINITIALIZED_AUTOS = YES_AGGRESSIVE;
				GCC_WARN_UNUSED_FUNCTION = YES;
				GCC_WARN_UNUSED_VARIABLE = YES;
				IPHONEOS_DEPLOYMENT_TARGET = 15.0;
				MTL_ENABLE_DEBUG_INFO = NO;
				MTL_FAST_MATH = YES;
				SDKROOT = iphoneos;
				SWIFT_COMPILATION_MODE = wholemodule;
				SWIFT_OPTIMIZATION_LEVEL = "-O";
				VALIDATE_PRODUCT = YES;
			};
			name = Release;
		};
		96E349912729ACB1004D60CE /* Debug */ = {
			isa = XCBuildConfiguration;
			buildSettings = {
				ASSETCATALOG_COMPILER_APPICON_NAME = AppIcon;
				ASSETCATALOG_COMPILER_GLOBAL_ACCENT_COLOR_NAME = AccentColor;
				CODE_SIGN_STYLE = Automatic;
				CURRENT_PROJECT_VERSION = 1;
				DEVELOPMENT_TEAM = Q2AATBYW8Z;
				GENERATE_INFOPLIST_FILE = YES;
				INFOPLIST_FILE = FitAppIOS/Info.plist;
				INFOPLIST_KEY_CFBundleDisplayName = "TCC Fit App";
				INFOPLIST_KEY_UIApplicationSupportsIndirectInputEvents = YES;
				INFOPLIST_KEY_UILaunchStoryboardName = LaunchScreen;
				INFOPLIST_KEY_UISupportedInterfaceOrientations = UIInterfaceOrientationPortrait;
				INFOPLIST_KEY_UISupportedInterfaceOrientations_iPad = "UIInterfaceOrientationPortrait UIInterfaceOrientationPortraitUpsideDown UIInterfaceOrientationLandscapeLeft UIInterfaceOrientationLandscapeRight";
				INFOPLIST_KEY_UISupportedInterfaceOrientations_iPhone = "UIInterfaceOrientationPortrait UIInterfaceOrientationLandscapeLeft UIInterfaceOrientationLandscapeRight";
				LD_RUNPATH_SEARCH_PATHS = (
					"$(inherited)",
					"@executable_path/Frameworks",
				);
				MARKETING_VERSION = 1.0;
				PRODUCT_BUNDLE_IDENTIFIER = com.henriquepcosta.fitapp.TCCFitApp;
				PRODUCT_NAME = "$(TARGET_NAME)";
				SWIFT_EMIT_LOC_STRINGS = YES;
				SWIFT_VERSION = 5.0;
				TARGETED_DEVICE_FAMILY = 1;
			};
			name = Debug;
		};
		96E349922729ACB1004D60CE /* Release */ = {
			isa = XCBuildConfiguration;
			buildSettings = {
				ASSETCATALOG_COMPILER_APPICON_NAME = AppIcon;
				ASSETCATALOG_COMPILER_GLOBAL_ACCENT_COLOR_NAME = AccentColor;
				CODE_SIGN_STYLE = Automatic;
				CURRENT_PROJECT_VERSION = 1;
				DEVELOPMENT_TEAM = Q2AATBYW8Z;
				GENERATE_INFOPLIST_FILE = YES;
				INFOPLIST_FILE = FitAppIOS/Info.plist;
				INFOPLIST_KEY_CFBundleDisplayName = "TCC Fit App";
				INFOPLIST_KEY_UIApplicationSupportsIndirectInputEvents = YES;
				INFOPLIST_KEY_UILaunchStoryboardName = LaunchScreen;
				INFOPLIST_KEY_UISupportedInterfaceOrientations = UIInterfaceOrientationPortrait;
				INFOPLIST_KEY_UISupportedInterfaceOrientations_iPad = "UIInterfaceOrientationPortrait UIInterfaceOrientationPortraitUpsideDown UIInterfaceOrientationLandscapeLeft UIInterfaceOrientationLandscapeRight";
				INFOPLIST_KEY_UISupportedInterfaceOrientations_iPhone = "UIInterfaceOrientationPortrait UIInterfaceOrientationLandscapeLeft UIInterfaceOrientationLandscapeRight";
				LD_RUNPATH_SEARCH_PATHS = (
					"$(inherited)",
					"@executable_path/Frameworks",
				);
				MARKETING_VERSION = 1.0;
				PRODUCT_BUNDLE_IDENTIFIER = com.henriquepcosta.fitapp.TCCFitApp;
				PRODUCT_NAME = "$(TARGET_NAME)";
				SWIFT_EMIT_LOC_STRINGS = YES;
				SWIFT_VERSION = 5.0;
				TARGETED_DEVICE_FAMILY = 1;
			};
			name = Release;
		};
/* End XCBuildConfiguration section */

/* Begin XCConfigurationList section */
		96E349772729ACB0004D60CE /* Build configuration list for PBXProject "FitAppIOS" */ = {
			isa = XCConfigurationList;
			buildConfigurations = (
				96E3498E2729ACB1004D60CE /* Debug */,
				96E3498F2729ACB1004D60CE /* Release */,
			);
			defaultConfigurationIsVisible = 0;
			defaultConfigurationName = Release;
		};
		96E349902729ACB1004D60CE /* Build configuration list for PBXNativeTarget "FitAppIOS" */ = {
			isa = XCConfigurationList;
			buildConfigurations = (
				96E349912729ACB1004D60CE /* Debug */,
				96E349922729ACB1004D60CE /* Release */,
			);
			defaultConfigurationIsVisible = 0;
			defaultConfigurationName = Release;
		};
/* End XCConfigurationList section */
	};
	rootObject = 96E349742729ACB0004D60CE /* Project object */;
}
